{
  "originHash" : "a5eb8c241e7becdf0331325d2a5d3f6cd5881b0e0a8bd1548292b5f7406ed50c",
  "pins" : [
    {
      "identity" : "actionbuildercore",
      "kind" : "remoteSourceControl",
      "location" : "https://github.com/elegantchaos/ActionBuilderCore.git",
      "state" : {
        "revision" : "dd50ffd847ed3dc23fbeb9f3df17cc0aaa4e4c7d",
        "version" : "2.0.0"
      }
    },
    {
      "identity" : "actionbuilderplugin",
      "kind" : "remoteSourceControl",
      "location" : "https://github.com/elegantchaos/ActionBuilderPlugin.git",
      "state" : {
        "revision" : "23b7475e21d93983aec0d32d20cc7cd08bd98d2f",
        "version" : "2.0.0"
      }
    },
    {
      "identity" : "chaosbytestreams",
      "kind" : "remoteSourceControl",
      "location" : "https://github.com/elegantchaos/ChaosByteStreams.git",
      "state" : {
        "revision" : "bb2be531b8b3d1410ba6b40a860b6bf8060e8fa3",
        "version" : "1.0.0"
      }
    },
    {
      "identity" : "chaostesting",
      "kind" : "remoteSourceControl",
      "location" : "https://github.com/elegantchaos/ChaosTesting.git",
      "state" : {
        "revision" : "a7523f7678b8a6b5b8edccb05330f32317413979",
        "version" : "1.0.1"
      }
    },
    {
      "identity" : "runner",
      "kind" : "remoteSourceControl",
      "location" : "https://github.com/elegantchaos/Runner.git",
      "state" : {
        "revision" : "4695591be15ed365323fb0b130bd21545f0aa91e",
        "version" : "2.0.6"
      }
    },
    {
      "identity" : "semanticversion",
      "kind" : "remoteSourceControl",
      "location" : "https://github.com/elegantchaos/SemanticVersion.git",
      "state" : {
        "revision" : "2637309c72c1415cc3d1ea27ae6ddb2a2b66ecf0",
        "version" : "1.1.2"
      }
    },
    {
      "identity" : "versionator",
      "kind" : "remoteSourceControl",
      "location" : "https://github.com/elegantchaos/Versionator.git",
      "state" : {
        "revision" : "6d1cdddce7990f660c4f3b96c5a24be8dcce9007",
        "version" : "2.0.2"
      }
    }
  ],
  "version" : 3
}
